
Microsoft Visual Studio Solution File, Format Version 12.00
# Visual Studio Version 16
VisualStudioVersion = 16.0.34601.136
MinimumVisualStudioVersion = 10.0.40219.1
Project("{FAE04EC0-301F-11D3-BF4B-00C04F79EFBC}") = "prakt7_UP", "prakt7_UP.csproj", "{78810C3E-B393-4C51-A27A-3A00BB930457}"
EndProject
Global
	GlobalSection(SolutionConfigurationPlatforms) = preSolution
		Debug|Any CPU = Debug|Any CPU
		Release|Any CPU = Release|Any CPU
	EndGlobalSection
	GlobalSection(ProjectConfigurationPlatforms) = postSolution
		{78810C3E-B393-4C51-A27A-3A00BB930457}.Debug|Any CPU.ActiveCfg = Debug|Any CPU
		{78810C3E-B393-4C51-A27A-3A00BB930457}.Debug|Any CPU.Build.0 = Debug|Any CPU
		{78810C3E-B393-4C51-A27A-3A00BB930457}.Release|Any CPU.ActiveCfg = Release|Any CPU
		{78810C3E-B393-4C51-A27A-3A00BB930457}.Release|Any CPU.Build.0 = Release|Any CPU
	EndGlobalSection
	GlobalSection(SolutionProperties) = preSolution
		HideSolutionNode = FALSE
	EndGlobalSection
	GlobalSection(ExtensibilityGlobals) = postSolution
		SolutionGuid = {E186DCF1-351D-465C-8A32-6A8F59D03193}
	EndGlobalSection
EndGlobal
